// !$*UTF8*$!
{
	archiveVersion = 1;
	classes = {
	};
	objectVersion = 52;
	objects = {

/* Begin PBXBuildFile section */
		AB7D483B233F2D3F00582010 /* AppDelegate.swift in Sources */ = {isa = PBXBuildFile; fileRef = AB7D483A233F2D3F00582010 /* AppDelegate.swift */; };
		AB7D483D233F2D3F00582010 /* SceneDelegate.swift in Sources */ = {isa = PBXBuildFile; fileRef = AB7D483C233F2D3F00582010 /* SceneDelegate.swift */; };
		AB7D483F233F2D3F00582010 /* ViewController.swift in Sources */ = {isa = PBXBuildFile; fileRef = AB7D483E233F2D3F00582010 /* ViewController.swift */; };
		AB7D4842233F2D3F00582010 /* Main.storyboard in Resources */ = {isa = PBXBuildFile; fileRef = AB7D4840233F2D3F00582010 /* Main.storyboard */; };
		AB7D4844233F2D4300582010 /* Assets.xcassets in Resources */ = {isa = PBXBuildFile; fileRef = AB7D4843233F2D4300582010 /* Assets.xcassets */; };
		AB7D4847233F2D4300582010 /* LaunchScreen.storyboard in Resources */ = {isa = PBXBuildFile; fileRef = AB7D4845233F2D4300582010 /* LaunchScreen.storyboard */; };
		AB7D4850233F2D7700582010 /* Alamofire in Frameworks */ = {isa = PBXBuildFile; productRef = AB7D484F233F2D7700582010 /* Alamofire */; };
		AB7D4853233F2D9800582010 /* SwiftyJSON in Frameworks */ = {isa = PBXBuildFile; productRef = AB7D4852233F2D9800582010 /* SwiftyJSON */; };
		AB7D4855233F342400582010 /* AnimesTableViewCell.swift in Sources */ = {isa = PBXBuildFile; fileRef = AB7D4854233F342400582010 /* AnimesTableViewCell.swift */; };
		AB7D4857233F345400582010 /* AnimeCollectionViewCell.swift in Sources */ = {isa = PBXBuildFile; fileRef = AB7D4856233F345400582010 /* AnimeCollectionViewCell.swift */; };
		AB7D485A233F38FD00582010 /* Kingfisher in Frameworks */ = {isa = PBXBuildFile; productRef = AB7D4859233F38FD00582010 /* Kingfisher */; };
/* End PBXBuildFile section */

/* Begin PBXFileReference section */
		AB7D4837233F2D3F00582010 /* UICollectionViewInsideUITableView.app */ = {isa = PBXFileReference; explicitFileType = wrapper.application; includeInIndex = 0; path = UICollectionViewInsideUITableView.app; sourceTree = BUILT_PRODUCTS_DIR; };
		AB7D483A233F2D3F00582010 /* AppDelegate.swift */ = {isa = PBXFileReference; lastKnownFileType = sourcecode.swift; path = AppDelegate.swift; sourceTree = "<group>"; };
		AB7D483C233F2D3F00582010 /* SceneDelegate.swift */ = {isa = PBXFileReference; lastKnownFileType = sourcecode.swift; path = SceneDelegate.swift; sourceTree = "<group>"; };
		AB7D483E233F2D3F00582010 /* ViewController.swift */ = {isa = PBXFileReference; lastKnownFileType = sourcecode.swift; path = ViewController.swift; sourceTree = "<group>"; };
		AB7D4841233F2D3F00582010 /* Base */ = {isa = PBXFileReference; lastKnownFileType = file.storyboard; name = Base; path = Base.lproj/Main.storyboard; sourceTree = "<group>"; };
		AB7D4843233F2D4300582010 /* Assets.xcassets */ = {isa = PBXFileReference; lastKnownFileType = folder.assetcatalog; path = Assets.xcassets; sourceTree = "<group>"; };
		AB7D4846233F2D4300582010 /* Base */ = {isa = PBXFileReference; lastKnownFileType = file.storyboard; name = Base; path = Base.lproj/LaunchScreen.storyboard; sourceTree = "<group>"; };
		AB7D4848233F2D4300582010 /* Info.plist */ = {isa = PBXFileReference; lastKnownFileType = text.plist.xml; path = Info.plist; sourceTree = "<group>"; };
		AB7D4854233F342400582010 /* AnimesTableViewCell.swift */ = {isa = PBXFileReference; lastKnownFileType = sourcecode.swift; path = AnimesTableViewCell.swift; sourceTree = "<group>"; };
		AB7D4856233F345400582010 /* AnimeCollectionViewCell.swift */ = {isa = PBXFileReference; lastKnownFileType = sourcecode.swift; path = AnimeCollectionViewCell.swift; sourceTree = "<group>"; };
/* End PBXFileReference section */

/* Begin PBXFrameworksBuildPhase section */
		AB7D4834233F2D3F00582010 /* Frameworks */ = {
			isa = PBXFrameworksBuildPhase;
			buildActionMask = 2147483647;
			files = (
				AB7D485A233F38FD00582010 /* Kingfisher in Frameworks */,
				AB7D4853233F2D9800582010 /* SwiftyJSON in Frameworks */,
				AB7D4850233F2D7700582010 /* Alamofire in Frameworks */,
			);
			runOnlyForDeploymentPostprocessing = 0;
		};
/* End PBXFrameworksBuildPhase section */

/* Begin PBXGroup section */
		AB7D482E233F2D3F00582010 = {
			isa = PBXGroup;
			children = (
				AB7D4839233F2D3F00582010 /* UICollectionViewInsideUITableView */,
				AB7D4838233F2D3F00582010 /* Products */,
			);
			sourceTree = "<group>";
		};
		AB7D4838233F2D3F00582010 /* Products */ = {
			isa = PBXGroup;
			children = (
				AB7D4837233F2D3F00582010 /* UICollectionViewInsideUITableView.app */,
			);
			name = Products;
			sourceTree = "<group>";
		};
		AB7D4839233F2D3F00582010 /* UICollectionViewInsideUITableView */ = {
			isa = PBXGroup;
			children = (
				AB7D483A233F2D3F00582010 /* AppDelegate.swift */,
				AB7D483C233F2D3F00582010 /* SceneDelegate.swift */,
				AB7D483E233F2D3F00582010 /* ViewController.swift */,
				AB7D4840233F2D3F00582010 /* Main.storyboard */,
				AB7D4856233F345400582010 /* AnimeCollectionViewCell.swift */,
				AB7D4854233F342400582010 /* AnimesTableViewCell.swift */,
				AB7D4843233F2D4300582010 /* Assets.xcassets */,
				AB7D4845233F2D4300582010 /* LaunchScreen.storyboard */,
				AB7D4848233F2D4300582010 /* Info.plist */,
			);
			path = UICollectionViewInsideUITableView;
			sourceTree = "<group>";
		};
/* End PBXGroup section */

/* Begin PBXNativeTarget section */
		AB7D4836233F2D3F00582010 /* UICollectionViewInsideUITableView */ = {
			isa = PBXNativeTarget;
			buildConfigurationList = AB7D484B233F2D4300582010 /* Build configuration list for PBXNativeTarget "UICollectionViewInsideUITableView" */;
			buildPhases = (
				AB7D4833233F2D3F00582010 /* Sources */,
				AB7D4834233F2D3F00582010 /* Frameworks */,
				AB7D4835233F2D3F00582010 /* Resources */,
			);
			buildRules = (
			);
			dependencies = (
			);
			name = UICollectionViewInsideUITableView;
			packageProductDependencies = (
				AB7D484F233F2D7700582010 /* Alamofire */,
				AB7D4852233F2D9800582010 /* SwiftyJSON */,
				AB7D4859233F38FD00582010 /* Kingfisher */,
			);
			productName = UICollectionViewInsideUITableView;
			productReference = AB7D4837233F2D3F00582010 /* UICollectionViewInsideUITableView.app */;
			productType = "com.apple.product-type.application";
		};
/* End PBXNativeTarget section */

/* Begin PBXProject section */
		AB7D482F233F2D3F00582010 /* Project object */ = {
			isa = PBXProject;
			attributes = {
				LastSwiftUpdateCheck = 1100;
				LastUpgradeCheck = 1100;
				ORGANIZATIONNAME = "Alireza Hajebrahimi";
				TargetAttributes = {
					AB7D4836233F2D3F00582010 = {
						CreatedOnToolsVersion = 11.0;
					};
				};
			};
			buildConfigurationList = AB7D4832233F2D3F00582010 /* Build configuration list for PBXProject "UICollectionViewInsideUITableView" */;
			compatibilityVersion = "Xcode 9.3";
			developmentRegion = en;
			hasScannedForEncodings = 0;
			knownRegions = (
				en,
				Base,
			);
			mainGroup = AB7D482E233F2D3F00582010;
			packageReferences = (
				AB7D484E233F2D7700582010 /* XCRemoteSwiftPackageReference "Alamofire" */,
				AB7D4851233F2D9800582010 /* XCRemoteSwiftPackageReference "SwiftyJSON" */,
				AB7D4858233F38FD00582010 /* XCRemoteSwiftPackageReference "Kingfisher" */,
			);
			productRefGroup = AB7D4838233F2D3F00582010 /* Products */;
			projectDirPath = "";
			projectRoot = "";
			targets = (
				AB7D4836233F2D3F00582010 /* UICollectionViewInsideUITableView */,
			);
		};
/* End PBXProject section */

/* Begin PBXResourcesBuildPhase section */
		AB7D4835233F2D3F00582010 /* Resources */ = {
			isa = PBXResourcesBuildPhase;
			buildActionMask = 2147483647;
			files = (
				AB7D4847233F2D4300582010 /* LaunchScreen.storyboard in Resources */,
				AB7D4844233F2D4300582010 /* Assets.xcassets in Resources */,
				AB7D4842233F2D3F00582010 /* Main.storyboard in Resources */,
			);
			runOnlyForDeploymentPostprocessing = 0;
		};
/* End PBXResourcesBuildPhase section */

/* Begin PBXSourcesBuildPhase section */
		AB7D4833233F2D3F00582010 /* Sources */ = {
			isa = PBXSourcesBuildPhase;
			buildActionMask = 2147483647;
			files = (
				AB7D4855233F342400582010 /* AnimesTableViewCell.swift in Sources */,
				AB7D483F233F2D3F00582010 /* ViewController.swift in Sources */,
				AB7D483B233F2D3F00582010 /* AppDelegate.swift in Sources */,
				AB7D483D233F2D3F00582010 /* SceneDelegate.swift in Sources */,
				AB7D4857233F345400582010 /* AnimeCollectionViewCell.swift in Sources */,
			);
			runOnlyForDeploymentPostprocessing = 0;
		};
/* End PBXSourcesBuildPhase section */

/* Begin PBXVariantGroup section */
		AB7D4840233F2D3F00582010 /* Main.storyboard */ = {
			isa = PBXVariantGroup;
			children = (
				AB7D4841233F2D3F00582010 /* Base */,
			);
			name = Main.storyboard;
			sourceTree = "<group>";
		};
		AB7D4845233F2D4300582010 /* LaunchScreen.storyboard */ = {
			isa = PBXVariantGroup;
			children = (
				AB7D4846233F2D4300582010 /* Base */,
			);
			name = LaunchScreen.storyboard;
			sourceTree = "<group>";
		};
/* End PBXVariantGroup section */

/* Begin XCBuildConfiguration section */
		AB7D4849233F2D4300582010 /* Debug */ = {
			isa = XCBuildConfiguration;
			buildSettings = {
				ALWAYS_SEARCH_USER_PATHS = NO;
				CLANG_ANALYZER_NONNULL = YES;
				CLANG_ANALYZER_NUMBER_OBJECT_CONVERSION = YES_AGGRESSIVE;
				CLANG_CXX_LANGUAGE_STANDARD = "gnu++14";
				CLANG_CXX_LIBRARY = "libc++";
				CLANG_ENABLE_MODULES = YES;
				CLANG_ENABLE_OBJC_ARC = YES;
				CLANG_ENABLE_OBJC_WEAK = YES;
				CLANG_WARN_BLOCK_CAPTURE_AUTORELEASING = YES;
				CLANG_WARN_BOOL_CONVERSION = YES;
				CLANG_WARN_COMMA = YES;
				CLANG_WARN_CONSTANT_CONVERSION = YES;
				CLANG_WARN_DEPRECATED_OBJC_IMPLEMENTATIONS = YES;
				CLANG_WARN_DIRECT_OBJC_ISA_USAGE = YES_ERROR;
				CLANG_WARN_DOCUMENTATION_COMMENTS = YES;
				CLANG_WARN_EMPTY_BODY = YES;
				CLANG_WARN_ENUM_CONVERSION = YES;
				CLANG_WARN_INFINITE_RECURSION = YES;
				CLANG_WARN_INT_CONVERSION = YES;
				CLANG_WARN_NON_LITERAL_NULL_CONVERSION = YES;
				CLANG_WARN_OBJC_IMPLICIT_RETAIN_SELF = YES;
				CLANG_WARN_OBJC_LITERAL_CONVERSION = YES;
				CLANG_WARN_OBJC_ROOT_CLASS = YES_ERROR;
				CLANG_WARN_RANGE_LOOP_ANALYSIS = YES;
				CLANG_WARN_STRICT_PROTOTYPES = YES;
				CLANG_WARN_SUSPICIOUS_MOVE = YES;
				CLANG_WARN_UNGUARDED_AVAILABILITY = YES_AGGRESSIVE;
				CLANG_WARN_UNREACHABLE_CODE = YES;
				CLANG_WARN__DUPLICATE_METHOD_MATCH = YES;
				COPY_PHASE_STRIP = NO;
				DEBUG_INFORMATION_FORMAT = dwarf;
				ENABLE_STRICT_OBJC_MSGSEND = YES;
				ENABLE_TESTABILITY = YES;
				GCC_C_LANGUAGE_STANDARD = gnu11;
				GCC_DYNAMIC_NO_PIC = NO;
				GCC_NO_COMMON_BLOCKS = YES;
				GCC_OPTIMIZATION_LEVEL = 0;
				GCC_PREPROCESSOR_DEFINITIONS = (
					"DEBUG=1",
					"$(inherited)",
				);
				GCC_WARN_64_TO_32_BIT_CONVERSION = YES;
				GCC_WARN_ABOUT_RETURN_TYPE = YES_ERROR;
				GCC_WARN_UNDECLARED_SELECTOR = YES;
				GCC_WARN_UNINITIALIZED_AUTOS = YES_AGGRESSIVE;
				GCC_WARN_UNUSED_FUNCTION = YES;
				GCC_WARN_UNUSED_VARIABLE = YES;
				IPHONEOS_DEPLOYMENT_TARGET = 13.0;
				MTL_ENABLE_DEBUG_INFO = INCLUDE_SOURCE;
				MTL_FAST_MATH = YES;
				ONLY_ACTIVE_ARCH = YES;
				SDKROOT = iphoneos;
				SWIFT_ACTIVE_COMPILATION_CONDITIONS = DEBUG;
				SWIFT_OPTIMIZATION_LEVEL = "-Onone";
			};
			name = Debug;
		};
		AB7D484A233F2D4300582010 /* Release */ = {
			isa = XCBuildConfiguration;
			buildSettings = {
				ALWAYS_SEARCH_USER_PATHS = NO;
				CLANG_ANALYZER_NONNULL = YES;
				CLANG_ANALYZER_NUMBER_OBJECT_CONVERSION = YES_AGGRESSIVE;
				CLANG_CXX_LANGUAGE_STANDARD = "gnu++14";
				CLANG_CXX_LIBRARY = "libc++";
				CLANG_ENABLE_MODULES = YES;
				CLANG_ENABLE_OBJC_ARC = YES;
				CLANG_ENABLE_OBJC_WEAK = YES;
				CLANG_WARN_BLOCK_CAPTURE_AUTORELEASING = YES;
				CLANG_WARN_BOOL_CONVERSION = YES;
				CLANG_WARN_COMMA = YES;
				CLANG_WARN_CONSTANT_CONVERSION = YES;
				CLANG_WARN_DEPRECATED_OBJC_IMPLEMENTATIONS = YES;
				CLANG_WARN_DIRECT_OBJC_ISA_USAGE = YES_ERROR;
				CLANG_WARN_DOCUMENTATION_COMMENTS = YES;
				CLANG_WARN_EMPTY_BODY = YES;
				CLANG_WARN_ENUM_CONVERSION = YES;
				CLANG_WARN_INFINITE_RECURSION = YES;
				CLANG_WARN_INT_CONVERSION = YES;
				CLANG_WARN_NON_LITERAL_NULL_CONVERSION = YES;
				CLANG_WARN_OBJC_IMPLICIT_RETAIN_SELF = YES;
				CLANG_WARN_OBJC_LITERAL_CONVERSION = YES;
				CLANG_WARN_OBJC_ROOT_CLASS = YES_ERROR;
				CLANG_WARN_RANGE_LOOP_ANALYSIS = YES;
				CLANG_WARN_STRICT_PROTOTYPES = YES;
				CLANG_WARN_SUSPICIOUS_MOVE = YES;
				CLANG_WARN_UNGUARDED_AVAILABILITY = YES_AGGRESSIVE;
				CLANG_WARN_UNREACHABLE_CODE = YES;
				CLANG_WARN__DUPLICATE_METHOD_MATCH = YES;
				COPY_PHASE_STRIP = NO;
				DEBUG_INFORMATION_FORMAT = "dwarf-with-dsym";
				ENABLE_NS_ASSERTIONS = NO;
				ENABLE_STRICT_OBJC_MSGSEND = YES;
				GCC_C_LANGUAGE_STANDARD = gnu11;
				GCC_NO_COMMON_BLOCKS = YES;
				GCC_WARN_64_TO_32_BIT_CONVERSION = YES;
				GCC_WARN_ABOUT_RETURN_TYPE = YES_ERROR;
				GCC_WARN_UNDECLARED_SELECTOR = YES;
				GCC_WARN_UNINITIALIZED_AUTOS = YES_AGGRESSIVE;
				GCC_WARN_UNUSED_FUNCTION = YES;
				GCC_WARN_UNUSED_VARIABLE = YES;
				IPHONEOS_DEPLOYMENT_TARGET = 13.0;
				MTL_ENABLE_DEBUG_INFO = NO;
				MTL_FAST_MATH = YES;
				SDKROOT = iphoneos;
				SWIFT_COMPILATION_MODE = wholemodule;
				SWIFT_OPTIMIZATION_LEVEL = "-O";
				VALIDATE_PRODUCT = YES;
			};
			name = Release;
		};
		AB7D484C233F2D4300582010 /* Debug */ = {
			isa = XCBuildConfiguration;
			buildSettings = {
				ASSETCATALOG_COMPILER_APPICON_NAME = AppIcon;
				CODE_SIGN_STYLE = Automatic;
				DEVELOPMENT_TEAM = 9RU52AC58E;
				INFOPLIST_FILE = UICollectionViewInsideUITableView/Info.plist;
				LD_RUNPATH_SEARCH_PATHS = (
					"$(inherited)",
					"@executable_path/Frameworks",
				);
				PRODUCT_BUNDLE_IDENTIFIER = arata.studio.UICollectionViewInsideUITableView;
				PRODUCT_NAME = "$(TARGET_NAME)";
				SWIFT_VERSION = 5.0;
				TARGETED_DEVICE_FAMILY = "1,2";
			};
			name = Debug;
		};
		AB7D484D233F2D4300582010 /* Release */ = {
			isa = XCBuildConfiguration;
			buildSettings = {
				ASSETCATALOG_COMPILER_APPICON_NAME = AppIcon;
				CODE_SIGN_STYLE = Automatic;
				DEVELOPMENT_TEAM = 9RU52AC58E;
				INFOPLIST_FILE = UICollectionViewInsideUITableView/Info.plist;
				LD_RUNPATH_SEARCH_PATHS = (
					"$(inherited)",
					"@executable_path/Frameworks",
				);
				PRODUCT_BUNDLE_IDENTIFIER = arata.studio.UICollectionViewInsideUITableView;
				PRODUCT_NAME = "$(TARGET_NAME)";
				SWIFT_VERSION = 5.0;
				TARGETED_DEVICE_FAMILY = "1,2";
			};
			name = Release;
		};
/* End XCBuildConfiguration section */

/* Begin XCConfigurationList section */
		AB7D4832233F2D3F00582010 /* Build configuration list for PBXProject "UICollectionViewInsideUITableView" */ = {
			isa = XCConfigurationList;
			buildConfigurations = (
				AB7D4849233F2D4300582010 /* Debug */,
				AB7D484A233F2D4300582010 /* Release */,
			);
			defaultConfigurationIsVisible = 0;
			defaultConfigurationName = Release;
		};
		AB7D484B233F2D4300582010 /* Build configuration list for PBXNativeTarget "UICollectionViewInsideUITableView" */ = {
			isa = XCConfigurationList;
			buildConfigurations = (
				AB7D484C233F2D4300582010 /* Debug */,
				AB7D484D233F2D4300582010 /* Release */,
			);
			defaultConfigurationIsVisible = 0;
			defaultConfigurationName = Release;
		};
/* End XCConfigurationList section */

/* Begin XCRemoteSwiftPackageReference section */
		AB7D484E233F2D7700582010 /* XCRemoteSwiftPackageReference "Alamofire" */ = {
			isa = XCRemoteSwiftPackageReference;
			repositoryURL = "https://github.com/Alamofire/Alamofire.git";
			requirement = {
				kind = upToNextMajorVersion;
				minimumVersion = 4.9.0;
			};
		};
		AB7D4851233F2D9800582010 /* XCRemoteSwiftPackageReference "SwiftyJSON" */ = {
			isa = XCRemoteSwiftPackageReference;
			repositoryURL = "https://github.com/SwiftyJSON/SwiftyJSON.git";
			requirement = {
				kind = upToNextMajorVersion;
				minimumVersion = 5.0.0;
			};
		};
		AB7D4858233F38FD00582010 /* XCRemoteSwiftPackageReference "Kingfisher" */ = {
			isa = XCRemoteSwiftPackageReference;
			repositoryURL = "https://github.com/onevcat/Kingfisher";
			requirement = {
				kind = upToNextMajorVersion;
				minimumVersion = 5.8.1;
			};
		};
/* End XCRemoteSwiftPackageReference section */

/* Begin XCSwiftPackageProductDependency section */
		AB7D484F233F2D7700582010 /* Alamofire */ = {
			isa = XCSwiftPackageProductDependency;
			package = AB7D484E233F2D7700582010 /* XCRemoteSwiftPackageReference "Alamofire" */;
			productName = Alamofire;
		};
		AB7D4852233F2D9800582010 /* SwiftyJSON */ = {
			isa = XCSwiftPackageProductDependency;
			package = AB7D4851233F2D9800582010 /* XCRemoteSwiftPackageReference "SwiftyJSON" */;
			productName = SwiftyJSON;
		};
		AB7D4859233F38FD00582010 /* Kingfisher */ = {
			isa = XCSwiftPackageProductDependency;
			package = AB7D4858233F38FD00582010 /* XCRemoteSwiftPackageReference "Kingfisher" */;
			productName = Kingfisher;
		};
/* End XCSwiftPackageProductDependency section */
	};
	rootObject = AB7D482F233F2D3F00582010 /* Project object */;
}
